{"version":4,"terraform_version":"1.11.5","serial":4,"lineage":"2298eeaa-19d5-9a1e-afac-2037ed727336","outputs":{"cluster_id":{"value":"c-m-v6pqhkcq","type":"string"},"cluster_name":{"value":"hetzner-rke2","type":"string"}},"resources":[{"mode":"managed","type":"rancher2_cluster_v2","name":"this","provider":"provider[\"registry.opentofu.org/rancher/rancher2\"]","instances":[{"schema_version":1,"attributes":{"agent_env_vars":[],"annotations":{"field.cattle.io/creatorId":"user-6zw6q","provisioning.cattle.io/management-cluster-display-name":"hetzner-rke2"},"cloud_credential_secret_name":null,"cluster_agent_deployment_customization":[],"cluster_registration_token":[{"annotations":{},"cluster_id":"c-m-v6pqhkcq","command":"kubectl apply -f https://oks01.ci.octostar.com/v3/import/cpzjbs6q7cd9rqckcfkhbqkqtk99wskq5xdh4jv785cln65gv9hv8l_c-m-v6pqhkcq.yaml","id":"c-m-v6pqhkcq:default-token","insecure_command":"curl --insecure -sfL https://oks01.ci.octostar.com/v3/import/cpzjbs6q7cd9rqckcfkhbqkqtk99wskq5xdh4jv785cln65gv9hv8l_c-m-v6pqhkcq.yaml | kubectl apply -f -","insecure_node_command":" curl --insecure -fL https://oks01.ci.octostar.com/system-agent-install.sh | sudo  sh -s - --server https://oks01.ci.octostar.com --label 'cattle.io/os=linux' --token cpzjbs6q7cd9rqckcfkhbqkqtk99wskq5xdh4jv785cln65gv9hv8l","insecure_windows_node_command":" curl.exe --insecure -fL https://oks01.ci.octostar.com/wins-agent-install.ps1 -o install.ps1; Set-ExecutionPolicy Bypass -Scope Process -Force; ./install.ps1 -Server https://oks01.ci.octostar.com -Label 'cattle.io/os=windows' -Token cpzjbs6q7cd9rqckcfkhbqkqtk99wskq5xdh4jv785cln65gv9hv8l -Worker","labels":{},"manifest_url":"https://oks01.ci.octostar.com/v3/import/cpzjbs6q7cd9rqckcfkhbqkqtk99wskq5xdh4jv785cln65gv9hv8l_c-m-v6pqhkcq.yaml","name":"default-token","node_command":" curl -fL https://oks01.ci.octostar.com/system-agent-install.sh | sudo  sh -s - --server https://oks01.ci.octostar.com --label 'cattle.io/os=linux' --token cpzjbs6q7cd9rqckcfkhbqkqtk99wskq5xdh4jv785cln65gv9hv8l","token":"cpzjbs6q7cd9rqckcfkhbqkqtk99wskq5xdh4jv785cln65gv9hv8l","windows_node_command":" curl.exe -fL https://oks01.ci.octostar.com/wins-agent-install.ps1 -o install.ps1; Set-ExecutionPolicy Bypass -Scope Process -Force; ./install.ps1 -Server https://oks01.ci.octostar.com -Label 'cattle.io/os=windows' -Token cpzjbs6q7cd9rqckcfkhbqkqtk99wskq5xdh4jv785cln65gv9hv8l -Worker"}],"cluster_v1_id":"c-m-v6pqhkcq","default_cluster_role_for_project_members":null,"default_pod_security_admission_configuration_template_name":null,"enable_network_policy":false,"fleet_agent_deployment_customization":[],"fleet_namespace":"fleet-default","id":"fleet-default/hetzner-rke2","kube_config":"apiVersion: v1\nkind: Config\nclusters:\n- name: \"hetzner-rke2\"\n  cluster:\n    server: \"https://oks01.ci.octostar.com/k8s/clusters/c-m-v6pqhkcq\"\n\nusers:\n- name: \"hetzner-rke2\"\n  user:\n    token: \"kubeconfig-user-6zw6qnfjl7:d9l42pj7jlhpg7mvgcdlwnmf4v275hqsj26v5qcgkptpcpm7kp8tv8\"\n\n\ncontexts:\n- name: \"hetzner-rke2\"\n  context:\n    user: \"hetzner-rke2\"\n    cluster: \"hetzner-rke2\"\n\ncurrent-context: \"hetzner-rke2\"\n","kubernetes_version":"v1.32.0+rke2r1","labels":{},"local_auth_endpoint":[],"name":"hetzner-rke2","resource_version":"1245418","rke_config":[{"additional_manifest":"","chart_values":"","data_directories":[{"k8s_distro":null,"provisioning":null,"system_agent":null}],"etcd":[{"disable_snapshots":false,"s3_config":[],"snapshot_retention":10,"snapshot_schedule_cron":"0 */6 * * *"}],"etcd_snapshot_create":[],"etcd_snapshot_restore":[],"local_auth_endpoint":[],"machine_global_config":"cni: canal\ntls-san:\n- rke2-01.ci.octostar.com\n","machine_pool_defaults":[],"machine_pools":[],"machine_selector_config":[],"machine_selector_files":[],"networking":[],"registries":[],"rotate_certificates":[],"upgrade_strategy":[]}],"timeouts":null},"sensitive_attributes":[[{"type":"get_attr","value":"cluster_registration_token"}],[{"type":"get_attr","value":"kube_config"}]],"private":"eyJlMmJmYjczMC1lY2FhLTExZTYtOGY4OC0zNDM2M2JjN2M0YzAiOnsiY3JlYXRlIjoxODAwMDAwMDAwMDAwLCJkZWxldGUiOjE4MDAwMDAwMDAwMDAsInVwZGF0ZSI6MTgwMDAwMDAwMDAwMH0sInNjaGVtYV92ZXJzaW9uIjoiMSJ9"}]}],"check_results":null}
