{"version":4,"terraform_version":"1.11.5","serial":1,"lineage":"543e9115-04ac-2233-7aa5-5a4658c5d07d","outputs":{"cluster_id":{"value":"c-m-t249jr8f","type":"string"},"cluster_name":{"value":"octo-test02","type":"string"}},"resources":[{"mode":"managed","type":"rancher2_cluster_v2","name":"this","provider":"provider[\"registry.opentofu.org/rancher/rancher2\"]","instances":[{"schema_version":1,"attributes":{"agent_env_vars":[],"annotations":{"field.cattle.io/creatorId":"user-8hsn5","provisioning.cattle.io/management-cluster-display-name":"octo-test02"},"cloud_credential_secret_name":null,"cluster_agent_deployment_customization":[],"cluster_registration_token":[{"annotations":{},"cluster_id":"c-m-t249jr8f","command":"kubectl apply -f https://oks01.ci.octostar.com/v3/import/27cdrwr625wrc2wxltn5qh4hd86tvvknvnnxjf55nw96mq42g2l78z_c-m-t249jr8f.yaml","id":"c-m-t249jr8f:default-token","insecure_command":"curl --insecure -sfL https://oks01.ci.octostar.com/v3/import/27cdrwr625wrc2wxltn5qh4hd86tvvknvnnxjf55nw96mq42g2l78z_c-m-t249jr8f.yaml | kubectl apply -f -","insecure_node_command":" curl --insecure -fL https://oks01.ci.octostar.com/system-agent-install.sh | sudo  sh -s - --server https://oks01.ci.octostar.com --label 'cattle.io/os=linux' --token 27cdrwr625wrc2wxltn5qh4hd86tvvknvnnxjf55nw96mq42g2l78z","insecure_windows_node_command":" curl.exe --insecure -fL https://oks01.ci.octostar.com/wins-agent-install.ps1 -o install.ps1; Set-ExecutionPolicy Bypass -Scope Process -Force; ./install.ps1 -Server https://oks01.ci.octostar.com -Label 'cattle.io/os=windows' -Token 27cdrwr625wrc2wxltn5qh4hd86tvvknvnnxjf55nw96mq42g2l78z -Worker","labels":{},"manifest_url":"https://oks01.ci.octostar.com/v3/import/27cdrwr625wrc2wxltn5qh4hd86tvvknvnnxjf55nw96mq42g2l78z_c-m-t249jr8f.yaml","name":"default-token","node_command":" curl -fL https://oks01.ci.octostar.com/system-agent-install.sh | sudo  sh -s - --server https://oks01.ci.octostar.com --label 'cattle.io/os=linux' --token 27cdrwr625wrc2wxltn5qh4hd86tvvknvnnxjf55nw96mq42g2l78z","token":"27cdrwr625wrc2wxltn5qh4hd86tvvknvnnxjf55nw96mq42g2l78z","windows_node_command":" curl.exe -fL https://oks01.ci.octostar.com/wins-agent-install.ps1 -o install.ps1; Set-ExecutionPolicy Bypass -Scope Process -Force; ./install.ps1 -Server https://oks01.ci.octostar.com -Label 'cattle.io/os=windows' -Token 27cdrwr625wrc2wxltn5qh4hd86tvvknvnnxjf55nw96mq42g2l78z -Worker"}],"cluster_v1_id":"c-m-t249jr8f","default_cluster_role_for_project_members":null,"default_pod_security_admission_configuration_template_name":null,"enable_network_policy":false,"fleet_agent_deployment_customization":[],"fleet_namespace":"fleet-default","id":"fleet-default/octo-test02","kube_config":"apiVersion: v1\nkind: Config\nclusters:\n- name: \"octo-test02\"\n  cluster:\n    server: \"https://oks01.ci.octostar.com/k8s/clusters/c-m-t249jr8f\"\n\nusers:\n- name: \"octo-test02\"\n  user:\n    token: \"kubeconfig-user-8hsn5wc4tb:wpvml2l6k62zdwjkx27tg7vfz8ntcfn7bdq4f84shz48qcfgcf24vm\"\n\n\ncontexts:\n- name: \"octo-test02\"\n  context:\n    user: \"octo-test02\"\n    cluster: \"octo-test02\"\n\ncurrent-context: \"octo-test02\"\n","kubernetes_version":"v1.32.0+rke2r1","labels":{},"local_auth_endpoint":[],"name":"octo-test02","resource_version":"4632602","rke_config":[{"additional_manifest":"","chart_values":"","data_directories":[{"k8s_distro":null,"provisioning":null,"system_agent":null}],"etcd":[{"disable_snapshots":false,"s3_config":[],"snapshot_retention":10,"snapshot_schedule_cron":"0 */6 * * *"}],"etcd_snapshot_create":[],"etcd_snapshot_restore":[],"local_auth_endpoint":[],"machine_global_config":"cni: canal\ntls-san: []\n","machine_pool_defaults":[],"machine_pools":[],"machine_selector_config":[],"machine_selector_files":[],"networking":[],"registries":[],"rotate_certificates":[],"upgrade_strategy":[]}],"timeouts":null},"sensitive_attributes":[[{"type":"get_attr","value":"cluster_registration_token"}],[{"type":"get_attr","value":"kube_config"}]],"private":"eyJlMmJmYjczMC1lY2FhLTExZTYtOGY4OC0zNDM2M2JjN2M0YzAiOnsiY3JlYXRlIjoxODAwMDAwMDAwMDAwLCJkZWxldGUiOjE4MDAwMDAwMDAwMDAsInVwZGF0ZSI6MTgwMDAwMDAwMDAwMH0sInNjaGVtYV92ZXJzaW9uIjoiMSJ9"}]}],"check_results":null}
